
Microsoft Visual Studio Solution File, Format Version 12.00
# Visual Studio Version 17
VisualStudioVersion = 17.12.35506.116
MinimumVisualStudioVersion = 10.0.40219.1
Project("{9A19103F-16F7-4668-BE54-9A1E7A4F7556}") = "BlazorApp", "BlazorApp\BlazorApp.csproj", "{74851E38-A650-4157-B5B0-974972CAA2B5}"
EndProject
Global
	GlobalSection(SolutionConfigurationPlatforms) = preSolution
		Debug|Any CPU = Debug|Any CPU
		Release|Any CPU = Release|Any CPU
	EndGlobalSection
	GlobalSection(ProjectConfigurationPlatforms) = postSolution
		{74851E38-A650-4157-B5B0-974972CAA2B5}.Debug|Any CPU.ActiveCfg = Debug|Any CPU
		{74851E38-A650-4157-B5B0-974972CAA2B5}.Debug|Any CPU.Build.0 = Debug|Any CPU
		{74851E38-A650-4157-B5B0-974972CAA2B5}.Release|Any CPU.ActiveCfg = Release|Any CPU
		{74851E38-A650-4157-B5B0-974972CAA2B5}.Release|Any CPU.Build.0 = Release|Any CPU
	EndGlobalSection
	GlobalSection(SolutionProperties) = preSolution
		HideSolutionNode = FALSE
	EndGlobalSection
	GlobalSection(ExtensibilityGlobals) = postSolution
		SolutionGuid = {BBF9B02F-6AED-4648-8090-7BA31A78B2A8}
	EndGlobalSection
EndGlobal
